
Microsoft Visual Studio Solution File, Format Version 12.00
# Visual Studio Version 17
VisualStudioVersion = 17.2.32505.173
MinimumVisualStudioVersion = 10.0.40219.1
Project("{9A19103F-16F7-4668-BE54-9A1E7A4F7556}") = "HCM.UI", "HCM.UI\HCM.UI.csproj", "{1B955470-462D-4D09-A045-455C999BE1E8}"
EndProject
Project("{9A19103F-16F7-4668-BE54-9A1E7A4F7556}") = "HCM.API", "HCM.API\HCM.API.csproj", "{28604F13-2938-4693-ADEC-66E6E5913341}"
EndProject
Global
	GlobalSection(SolutionConfigurationPlatforms) = preSolution
		Debug|x64 = Debug|x64
		Release|x64 = Release|x64
	EndGlobalSection
	GlobalSection(ProjectConfigurationPlatforms) = postSolution
		{1B955470-462D-4D09-A045-455C999BE1E8}.Debug|x64.ActiveCfg = Debug|x64
		{1B955470-462D-4D09-A045-455C999BE1E8}.Debug|x64.Build.0 = Debug|x64
		{1B955470-462D-4D09-A045-455C999BE1E8}.Release|x64.ActiveCfg = Release|x64
		{1B955470-462D-4D09-A045-455C999BE1E8}.Release|x64.Build.0 = Release|x64
		{28604F13-2938-4693-ADEC-66E6E5913341}.Debug|x64.ActiveCfg = Debug|x64
		{28604F13-2938-4693-ADEC-66E6E5913341}.Debug|x64.Build.0 = Debug|x64
		{28604F13-2938-4693-ADEC-66E6E5913341}.Release|x64.ActiveCfg = Release|x64
		{28604F13-2938-4693-ADEC-66E6E5913341}.Release|x64.Build.0 = Release|x64
	EndGlobalSection
	GlobalSection(SolutionProperties) = preSolution
		HideSolutionNode = FALSE
	EndGlobalSection
	GlobalSection(ExtensibilityGlobals) = postSolution
		SolutionGuid = {56B7E56D-F750-4C80-B487-108D2E962686}
	EndGlobalSection
EndGlobal
