
Microsoft Visual Studio Solution File, Format Version 12.00
# Visual Studio Version 17
VisualStudioVersion = 17.2.32505.173
MinimumVisualStudioVersion = 10.0.40219.1
Project("{FAE04EC0-301F-11D3-BF4B-00C04F79EFBC}") = "HCM.UI", "HCM.UI\HCM.UI.csproj", "{1B955470-462D-4D09-A045-455C999BE1E8}"
EndProject
Project("{FAE04EC0-301F-11D3-BF4B-00C04F79EFBC}") = "HCM.API", "HCM.API\HCM.API.csproj", "{28604F13-2938-4693-ADEC-66E6E5913341}"
EndProject
Global
	GlobalSection(SolutionConfigurationPlatforms) = preSolution
		Debug|Any CPU = Debug|Any CPU
		Release|Any CPU = Release|Any CPU
	EndGlobalSection
	GlobalSection(ProjectConfigurationPlatforms) = postSolution
		{1B955470-462D-4D09-A045-455C999BE1E8}.Debug|Any CPU.ActiveCfg = Debug|Any CPU
		{1B955470-462D-4D09-A045-455C999BE1E8}.Debug|Any CPU.Build.0 = Debug|Any CPU
		{1B955470-462D-4D09-A045-455C999BE1E8}.Release|Any CPU.ActiveCfg = Release|Any CPU
		{1B955470-462D-4D09-A045-455C999BE1E8}.Release|Any CPU.Build.0 = Release|Any CPU
		{28604F13-2938-4693-ADEC-66E6E5913341}.Debug|Any CPU.ActiveCfg = Debug|Any CPU
		{28604F13-2938-4693-ADEC-66E6E5913341}.Debug|Any CPU.Build.0 = Debug|Any CPU
		{28604F13-2938-4693-ADEC-66E6E5913341}.Release|Any CPU.ActiveCfg = Release|Any CPU
		{28604F13-2938-4693-ADEC-66E6E5913341}.Release|Any CPU.Build.0 = Release|Any CPU
	EndGlobalSection
	GlobalSection(SolutionProperties) = preSolution
		HideSolutionNode = FALSE
	EndGlobalSection
	GlobalSection(ExtensibilityGlobals) = postSolution
		SolutionGuid = {56B7E56D-F750-4C80-B487-108D2E962686}
	EndGlobalSection
EndGlobal
